
Microsoft Visual Studio Solution File, Format Version 12.00
# Visual Studio Version 17
VisualStudioVersion = 17.0.31903.59
MinimumVisualStudioVersion = 10.0.40219.1
Project("{2150E333-8FDC-42A3-9474-1A3956D46DE8}") = "src", "src", "{827E0CD3-B72D-47B6-A68D-7590B98EB39B}"
EndProject
Project("{FAE04EC0-301F-11D3-BF4B-00C04F79EFBC}") = "TrazActivo.ControlPlane.Domain", "src\TrazActivo.ControlPlane.Domain\TrazActivo.ControlPlane.Domain.csproj", "{DEA604EE-C4EF-464D-9F57-2AB97565BA27}"
EndProject
Project("{FAE04EC0-301F-11D3-BF4B-00C04F79EFBC}") = "TrazActivo.ControlPlane.Application", "src\TrazActivo.ControlPlane.Application\TrazActivo.ControlPlane.Application.csproj", "{6EFCE1B2-D515-49B1-9481-DC59E9D6634C}"
EndProject
Project("{FAE04EC0-301F-11D3-BF4B-00C04F79EFBC}") = "TrazActivo.ControlPlane.Infrastructure", "src\TrazActivo.ControlPlane.Infrastructure\TrazActivo.ControlPlane.Infrastructure.csproj", "{8BB93DAF-34F6-4935-8863-16A34135A785}"
EndProject
Project("{FAE04EC0-301F-11D3-BF4B-00C04F79EFBC}") = "TrazActivo.Tenancy.Abstractions", "src\TrazActivo.Tenancy.Abstractions\TrazActivo.Tenancy.Abstractions.csproj", "{A1F39E7C-9483-40A4-ABA6-6A6F7F83DB0A}"
EndProject
Project("{FAE04EC0-301F-11D3-BF4B-00C04F79EFBC}") = "TrazActivo.Api", "src\TrazActivo.Api\TrazActivo.Api.csproj", "{E45A0DA8-27F5-4DE9-AFBC-24177971CFBC}"
EndProject
Project("{2150E333-8FDC-42A3-9474-1A3956D46DE8}") = "tests", "tests", "{0AB3BF05-4346-4AA6-1389-037BE0695223}"
EndProject
Project("{FAE04EC0-301F-11D3-BF4B-00C04F79EFBC}") = "TrazActivo.UnitTests", "tests\TrazActivo.UnitTests\TrazActivo.UnitTests.csproj", "{A7452E77-B3C6-4CD9-AE34-4FF7C29484A8}"
EndProject
Project("{FAE04EC0-301F-11D3-BF4B-00C04F79EFBC}") = "TrazActivo.IntegrationTests", "tests\TrazActivo.IntegrationTests\TrazActivo.IntegrationTests.csproj", "{D709F16D-7802-48D3-A002-62BD797723F7}"
EndProject
Project("{FAE04EC0-301F-11D3-BF4B-00C04F79EFBC}") = "TrazActivo.ArchitectureTests", "tests\TrazActivo.ArchitectureTests\TrazActivo.ArchitectureTests.csproj", "{C7D06E67-3E51-495F-A789-FCCFC96EF818}"
EndProject
Project("{FAE04EC0-301F-11D3-BF4B-00C04F79EFBC}") = "TrazActivo.MultiTenancyTests", "tests\TrazActivo.MultiTenancyTests\TrazActivo.MultiTenancyTests.csproj", "{2A7F4A33-16B3-4266-A567-400B7CAC60F8}"
EndProject
Global
	GlobalSection(SolutionConfigurationPlatforms) = preSolution
		Debug|Any CPU = Debug|Any CPU
		Debug|x64 = Debug|x64
		Debug|x86 = Debug|x86
		Release|Any CPU = Release|Any CPU
		Release|x64 = Release|x64
		Release|x86 = Release|x86
	EndGlobalSection
	GlobalSection(ProjectConfigurationPlatforms) = postSolution
		{DEA604EE-C4EF-464D-9F57-2AB97565BA27}.Debug|Any CPU.ActiveCfg = Debug|Any CPU
		{DEA604EE-C4EF-464D-9F57-2AB97565BA27}.Debug|Any CPU.Build.0 = Debug|Any CPU
		{DEA604EE-C4EF-464D-9F57-2AB97565BA27}.Debug|x64.ActiveCfg = Debug|Any CPU
		{DEA604EE-C4EF-464D-9F57-2AB97565BA27}.Debug|x64.Build.0 = Debug|Any CPU
		{DEA604EE-C4EF-464D-9F57-2AB97565BA27}.Debug|x86.ActiveCfg = Debug|Any CPU
		{DEA604EE-C4EF-464D-9F57-2AB97565BA27}.Debug|x86.Build.0 = Debug|Any CPU
		{DEA604EE-C4EF-464D-9F57-2AB97565BA27}.Release|Any CPU.ActiveCfg = Release|Any CPU
		{DEA604EE-C4EF-464D-9F57-2AB97565BA27}.Release|Any CPU.Build.0 = Release|Any CPU
		{DEA604EE-C4EF-464D-9F57-2AB97565BA27}.Release|x64.ActiveCfg = Release|Any CPU
		{DEA604EE-C4EF-464D-9F57-2AB97565BA27}.Release|x64.Build.0 = Release|Any CPU
		{DEA604EE-C4EF-464D-9F57-2AB97565BA27}.Release|x86.ActiveCfg = Release|Any CPU
		{DEA604EE-C4EF-464D-9F57-2AB97565BA27}.Release|x86.Build.0 = Release|Any CPU
		{6EFCE1B2-D515-49B1-9481-DC59E9D6634C}.Debug|Any CPU.ActiveCfg = Debug|Any CPU
		{6EFCE1B2-D515-49B1-9481-DC59E9D6634C}.Debug|Any CPU.Build.0 = Debug|Any CPU
		{6EFCE1B2-D515-49B1-9481-DC59E9D6634C}.Debug|x64.ActiveCfg = Debug|Any CPU
		{6EFCE1B2-D515-49B1-9481-DC59E9D6634C}.Debug|x64.Build.0 = Debug|Any CPU
		{6EFCE1B2-D515-49B1-9481-DC59E9D6634C}.Debug|x86.ActiveCfg = Debug|Any CPU
		{6EFCE1B2-D515-49B1-9481-DC59E9D6634C}.Debug|x86.Build.0 = Debug|Any CPU
		{6EFCE1B2-D515-49B1-9481-DC59E9D6634C}.Release|Any CPU.ActiveCfg = Release|Any CPU
		{6EFCE1B2-D515-49B1-9481-DC59E9D6634C}.Release|Any CPU.Build.0 = Release|Any CPU
		{6EFCE1B2-D515-49B1-9481-DC59E9D6634C}.Release|x64.ActiveCfg = Release|Any CPU
		{6EFCE1B2-D515-49B1-9481-DC59E9D6634C}.Release|x64.Build.0 = Release|Any CPU
		{6EFCE1B2-D515-49B1-9481-DC59E9D6634C}.Release|x86.ActiveCfg = Release|Any CPU
		{6EFCE1B2-D515-49B1-9481-DC59E9D6634C}.Release|x86.Build.0 = Release|Any CPU
		{8BB93DAF-34F6-4935-8863-16A34135A785}.Debug|Any CPU.ActiveCfg = Debug|Any CPU
		{8BB93DAF-34F6-4935-8863-16A34135A785}.Debug|Any CPU.Build.0 = Debug|Any CPU
		{8BB93DAF-34F6-4935-8863-16A34135A785}.Debug|x64.ActiveCfg = Debug|Any CPU
		{8BB93DAF-34F6-4935-8863-16A34135A785}.Debug|x64.Build.0 = Debug|Any CPU
		{8BB93DAF-34F6-4935-8863-16A34135A785}.Debug|x86.ActiveCfg = Debug|Any CPU
		{8BB93DAF-34F6-4935-8863-16A34135A785}.Debug|x86.Build.0 = Debug|Any CPU
		{8BB93DAF-34F6-4935-8863-16A34135A785}.Release|Any CPU.ActiveCfg = Release|Any CPU
		{8BB93DAF-34F6-4935-8863-16A34135A785}.Release|Any CPU.Build.0 = Release|Any CPU
		{8BB93DAF-34F6-4935-8863-16A34135A785}.Release|x64.ActiveCfg = Release|Any CPU
		{8BB93DAF-34F6-4935-8863-16A34135A785}.Release|x64.Build.0 = Release|Any CPU
		{8BB93DAF-34F6-4935-8863-16A34135A785}.Release|x86.ActiveCfg = Release|Any CPU
		{8BB93DAF-34F6-4935-8863-16A34135A785}.Release|x86.Build.0 = Release|Any CPU
		{A1F39E7C-9483-40A4-ABA6-6A6F7F83DB0A}.Debug|Any CPU.ActiveCfg = Debug|Any CPU
		{A1F39E7C-9483-40A4-ABA6-6A6F7F83DB0A}.Debug|Any CPU.Build.0 = Debug|Any CPU
		{A1F39E7C-9483-40A4-ABA6-6A6F7F83DB0A}.Debug|x64.ActiveCfg = Debug|Any CPU
		{A1F39E7C-9483-40A4-ABA6-6A6F7F83DB0A}.Debug|x64.Build.0 = Debug|Any CPU
		{A1F39E7C-9483-40A4-ABA6-6A6F7F83DB0A}.Debug|x86.ActiveCfg = Debug|Any CPU
		{A1F39E7C-9483-40A4-ABA6-6A6F7F83DB0A}.Debug|x86.Build.0 = Debug|Any CPU
		{A1F39E7C-9483-40A4-ABA6-6A6F7F83DB0A}.Release|Any CPU.ActiveCfg = Release|Any CPU
		{A1F39E7C-9483-40A4-ABA6-6A6F7F83DB0A}.Release|Any CPU.Build.0 = Release|Any CPU
		{A1F39E7C-9483-40A4-ABA6-6A6F7F83DB0A}.Release|x64.ActiveCfg = Release|Any CPU
		{A1F39E7C-9483-40A4-ABA6-6A6F7F83DB0A}.Release|x64.Build.0 = Release|Any CPU
		{A1F39E7C-9483-40A4-ABA6-6A6F7F83DB0A}.Release|x86.ActiveCfg = Release|Any CPU
		{A1F39E7C-9483-40A4-ABA6-6A6F7F83DB0A}.Release|x86.Build.0 = Release|Any CPU
		{E45A0DA8-27F5-4DE9-AFBC-24177971CFBC}.Debug|Any CPU.ActiveCfg = Debug|Any CPU
		{E45A0DA8-27F5-4DE9-AFBC-24177971CFBC}.Debug|Any CPU.Build.0 = Debug|Any CPU
		{E45A0DA8-27F5-4DE9-AFBC-24177971CFBC}.Debug|x64.ActiveCfg = Debug|Any CPU
		{E45A0DA8-27F5-4DE9-AFBC-24177971CFBC}.Debug|x64.Build.0 = Debug|Any CPU
		{E45A0DA8-27F5-4DE9-AFBC-24177971CFBC}.Debug|x86.ActiveCfg = Debug|Any CPU
		{E45A0DA8-27F5-4DE9-AFBC-24177971CFBC}.Debug|x86.Build.0 = Debug|Any CPU
		{E45A0DA8-27F5-4DE9-AFBC-24177971CFBC}.Release|Any CPU.ActiveCfg = Release|Any CPU
		{E45A0DA8-27F5-4DE9-AFBC-24177971CFBC}.Release|Any CPU.Build.0 = Release|Any CPU
		{E45A0DA8-27F5-4DE9-AFBC-24177971CFBC}.Release|x64.ActiveCfg = Release|Any CPU
		{E45A0DA8-27F5-4DE9-AFBC-24177971CFBC}.Release|x64.Build.0 = Release|Any CPU
		{E45A0DA8-27F5-4DE9-AFBC-24177971CFBC}.Release|x86.ActiveCfg = Release|Any CPU
		{E45A0DA8-27F5-4DE9-AFBC-24177971CFBC}.Release|x86.Build.0 = Release|Any CPU
		{A7452E77-B3C6-4CD9-AE34-4FF7C29484A8}.Debug|Any CPU.ActiveCfg = Debug|Any CPU
		{A7452E77-B3C6-4CD9-AE34-4FF7C29484A8}.Debug|Any CPU.Build.0 = Debug|Any CPU
		{A7452E77-B3C6-4CD9-AE34-4FF7C29484A8}.Debug|x64.ActiveCfg = Debug|Any CPU
		{A7452E77-B3C6-4CD9-AE34-4FF7C29484A8}.Debug|x64.Build.0 = Debug|Any CPU
		{A7452E77-B3C6-4CD9-AE34-4FF7C29484A8}.Debug|x86.ActiveCfg = Debug|Any CPU
		{A7452E77-B3C6-4CD9-AE34-4FF7C29484A8}.Debug|x86.Build.0 = Debug|Any CPU
		{A7452E77-B3C6-4CD9-AE34-4FF7C29484A8}.Release|Any CPU.ActiveCfg = Release|Any CPU
		{A7452E77-B3C6-4CD9-AE34-4FF7C29484A8}.Release|Any CPU.Build.0 = Release|Any CPU
		{A7452E77-B3C6-4CD9-AE34-4FF7C29484A8}.Release|x64.ActiveCfg = Release|Any CPU
		{A7452E77-B3C6-4CD9-AE34-4FF7C29484A8}.Release|x64.Build.0 = Release|Any CPU
		{A7452E77-B3C6-4CD9-AE34-4FF7C29484A8}.Release|x86.ActiveCfg = Release|Any CPU
		{A7452E77-B3C6-4CD9-AE34-4FF7C29484A8}.Release|x86.Build.0 = Release|Any CPU
		{D709F16D-7802-48D3-A002-62BD797723F7}.Debug|Any CPU.ActiveCfg = Debug|Any CPU
		{D709F16D-7802-48D3-A002-62BD797723F7}.Debug|Any CPU.Build.0 = Debug|Any CPU
		{D709F16D-7802-48D3-A002-62BD797723F7}.Debug|x64.ActiveCfg = Debug|Any CPU
		{D709F16D-7802-48D3-A002-62BD797723F7}.Debug|x64.Build.0 = Debug|Any CPU
		{D709F16D-7802-48D3-A002-62BD797723F7}.Debug|x86.ActiveCfg = Debug|Any CPU
		{D709F16D-7802-48D3-A002-62BD797723F7}.Debug|x86.Build.0 = Debug|Any CPU
		{D709F16D-7802-48D3-A002-62BD797723F7}.Release|Any CPU.ActiveCfg = Release|Any CPU
		{D709F16D-7802-48D3-A002-62BD797723F7}.Release|Any CPU.Build.0 = Release|Any CPU
		{D709F16D-7802-48D3-A002-62BD797723F7}.Release|x64.ActiveCfg = Release|Any CPU
		{D709F16D-7802-48D3-A002-62BD797723F7}.Release|x64.Build.0 = Release|Any CPU
		{D709F16D-7802-48D3-A002-62BD797723F7}.Release|x86.ActiveCfg = Release|Any CPU
		{D709F16D-7802-48D3-A002-62BD797723F7}.Release|x86.Build.0 = Release|Any CPU
		{C7D06E67-3E51-495F-A789-FCCFC96EF818}.Debug|Any CPU.ActiveCfg = Debug|Any CPU
		{C7D06E67-3E51-495F-A789-FCCFC96EF818}.Debug|Any CPU.Build.0 = Debug|Any CPU
		{C7D06E67-3E51-495F-A789-FCCFC96EF818}.Debug|x64.ActiveCfg = Debug|Any CPU
		{C7D06E67-3E51-495F-A789-FCCFC96EF818}.Debug|x64.Build.0 = Debug|Any CPU
		{C7D06E67-3E51-495F-A789-FCCFC96EF818}.Debug|x86.ActiveCfg = Debug|Any CPU
		{C7D06E67-3E51-495F-A789-FCCFC96EF818}.Debug|x86.Build.0 = Debug|Any CPU
		{C7D06E67-3E51-495F-A789-FCCFC96EF818}.Release|Any CPU.ActiveCfg = Release|Any CPU
		{C7D06E67-3E51-495F-A789-FCCFC96EF818}.Release|Any CPU.Build.0 = Release|Any CPU
		{C7D06E67-3E51-495F-A789-FCCFC96EF818}.Release|x64.ActiveCfg = Release|Any CPU
		{C7D06E67-3E51-495F-A789-FCCFC96EF818}.Release|x64.Build.0 = Release|Any CPU
		{C7D06E67-3E51-495F-A789-FCCFC96EF818}.Release|x86.ActiveCfg = Release|Any CPU
		{C7D06E67-3E51-495F-A789-FCCFC96EF818}.Release|x86.Build.0 = Release|Any CPU
		{2A7F4A33-16B3-4266-A567-400B7CAC60F8}.Debug|Any CPU.ActiveCfg = Debug|Any CPU
		{2A7F4A33-16B3-4266-A567-400B7CAC60F8}.Debug|Any CPU.Build.0 = Debug|Any CPU
		{2A7F4A33-16B3-4266-A567-400B7CAC60F8}.Debug|x64.ActiveCfg = Debug|Any CPU
		{2A7F4A33-16B3-4266-A567-400B7CAC60F8}.Debug|x64.Build.0 = Debug|Any CPU
		{2A7F4A33-16B3-4266-A567-400B7CAC60F8}.Debug|x86.ActiveCfg = Debug|Any CPU
		{2A7F4A33-16B3-4266-A567-400B7CAC60F8}.Debug|x86.Build.0 = Debug|Any CPU
		{2A7F4A33-16B3-4266-A567-400B7CAC60F8}.Release|Any CPU.ActiveCfg = Release|Any CPU
		{2A7F4A33-16B3-4266-A567-400B7CAC60F8}.Release|Any CPU.Build.0 = Release|Any CPU
		{2A7F4A33-16B3-4266-A567-400B7CAC60F8}.Release|x64.ActiveCfg = Release|Any CPU
		{2A7F4A33-16B3-4266-A567-400B7CAC60F8}.Release|x64.Build.0 = Release|Any CPU
		{2A7F4A33-16B3-4266-A567-400B7CAC60F8}.Release|x86.ActiveCfg = Release|Any CPU
		{2A7F4A33-16B3-4266-A567-400B7CAC60F8}.Release|x86.Build.0 = Release|Any CPU
	EndGlobalSection
	GlobalSection(SolutionProperties) = preSolution
		HideSolutionNode = FALSE
	EndGlobalSection
	GlobalSection(NestedProjects) = preSolution
		{DEA604EE-C4EF-464D-9F57-2AB97565BA27} = {827E0CD3-B72D-47B6-A68D-7590B98EB39B}
		{6EFCE1B2-D515-49B1-9481-DC59E9D6634C} = {827E0CD3-B72D-47B6-A68D-7590B98EB39B}
		{8BB93DAF-34F6-4935-8863-16A34135A785} = {827E0CD3-B72D-47B6-A68D-7590B98EB39B}
		{A1F39E7C-9483-40A4-ABA6-6A6F7F83DB0A} = {827E0CD3-B72D-47B6-A68D-7590B98EB39B}
		{E45A0DA8-27F5-4DE9-AFBC-24177971CFBC} = {827E0CD3-B72D-47B6-A68D-7590B98EB39B}
		{A7452E77-B3C6-4CD9-AE34-4FF7C29484A8} = {0AB3BF05-4346-4AA6-1389-037BE0695223}
		{D709F16D-7802-48D3-A002-62BD797723F7} = {0AB3BF05-4346-4AA6-1389-037BE0695223}
		{C7D06E67-3E51-495F-A789-FCCFC96EF818} = {0AB3BF05-4346-4AA6-1389-037BE0695223}
		{2A7F4A33-16B3-4266-A567-400B7CAC60F8} = {0AB3BF05-4346-4AA6-1389-037BE0695223}
	EndGlobalSection
EndGlobal
